
Microsoft Visual Studio Solution File, Format Version 12.00
# Visual Studio Version 17
VisualStudioVersion = 17.14.36414.22 d17.14
MinimumVisualStudioVersion = 10.0.40219.1
Project("{FAE04EC0-301F-11D3-BF4B-00C04F79EFBC}") = "OOPWPFProject", "OOPWPFProject\OOPWPFProject.csproj", "{FEE8027F-5486-432C-BB0D-B6312865963F}"
EndProject
Global
	GlobalSection(SolutionConfigurationPlatforms) = preSolution
		Debug|Any CPU = Debug|Any CPU
		Release|Any CPU = Release|Any CPU
	EndGlobalSection
	GlobalSection(ProjectConfigurationPlatforms) = postSolution
		{FEE8027F-5486-432C-BB0D-B6312865963F}.Debug|Any CPU.ActiveCfg = Debug|Any CPU
		{FEE8027F-5486-432C-BB0D-B6312865963F}.Debug|Any CPU.Build.0 = Debug|Any CPU
		{FEE8027F-5486-432C-BB0D-B6312865963F}.Release|Any CPU.ActiveCfg = Release|Any CPU
		{FEE8027F-5486-432C-BB0D-B6312865963F}.Release|Any CPU.Build.0 = Release|Any CPU
	EndGlobalSection
	GlobalSection(SolutionProperties) = preSolution
		HideSolutionNode = FALSE
	EndGlobalSection
	GlobalSection(ExtensibilityGlobals) = postSolution
		SolutionGuid = {1464DB70-9E89-47C7-91C1-3D9237F8B6C6}
	EndGlobalSection
EndGlobal
